
Microsoft Visual Studio Solution File, Format Version 12.00
# Visual Studio Version 16
VisualStudioVersion = 16.0.33927.289
MinimumVisualStudioVersion = 10.0.40219.1
Project("{FAE04EC0-301F-11D3-BF4B-00C04F79EFBC}") = "SeaStory", "SeaStory.csproj", "{33F2E7A8-DE7C-4652-BB90-F724D9F27041}"
EndProject
Global
	GlobalSection(SolutionConfigurationPlatforms) = preSolution
		Debug|Any CPU = Debug|Any CPU
		Release|Any CPU = Release|Any CPU
	EndGlobalSection
	GlobalSection(ProjectConfigurationPlatforms) = postSolution
		{33F2E7A8-DE7C-4652-BB90-F724D9F27041}.Debug|Any CPU.ActiveCfg = Debug|Any CPU
		{33F2E7A8-DE7C-4652-BB90-F724D9F27041}.Debug|Any CPU.Build.0 = Debug|Any CPU
		{33F2E7A8-DE7C-4652-BB90-F724D9F27041}.Release|Any CPU.ActiveCfg = Release|Any CPU
		{33F2E7A8-DE7C-4652-BB90-F724D9F27041}.Release|Any CPU.Build.0 = Release|Any CPU
	EndGlobalSection
	GlobalSection(SolutionProperties) = preSolution
		HideSolutionNode = FALSE
	EndGlobalSection
	GlobalSection(ExtensibilityGlobals) = postSolution
		SolutionGuid = {9C4C3CF7-A680-40AE-B705-AE1CA289C9F0}
	EndGlobalSection
EndGlobal
